// !$*UTF8*$!
{
	archiveVersion = 1;
	classes = {
	};
	objectVersion = 50;
	objects = {

/* Begin PBXBuildFile section */
		9A472374244C7C7700F0698B /* CanonSettings.swift in Sources */ = {isa = PBXBuildFile; fileRef = 9A472373244C7C7700F0698B /* CanonSettings.swift */; };
		9A472376244C7F8900F0698B /* PrinterUtilies.swift in Sources */ = {isa = PBXBuildFile; fileRef = 9A472375244C7F8900F0698B /* PrinterUtilies.swift */; };
		9A6EA95C244CA9E900CB2417 /* CanonSettingsConfigurator.swift in Sources */ = {isa = PBXBuildFile; fileRef = 9A6EA95B244CA9E900CB2417 /* CanonSettingsConfigurator.swift */; };
		9A6EA95E244CAEB600CB2417 /* NSPrintInfoCustomized.swift in Sources */ = {isa = PBXBuildFile; fileRef = 9A6EA95D244CAEB600CB2417 /* NSPrintInfoCustomized.swift */; };
		9A6EA960244CB14300CB2417 /* PrinterSettingsConstants.swift in Sources */ = {isa = PBXBuildFile; fileRef = 9A6EA95F244CB14300CB2417 /* PrinterSettingsConstants.swift */; };
		9A8AB392244AEEE300B78994 /* AppDelegate.swift in Sources */ = {isa = PBXBuildFile; fileRef = 9A8AB391244AEEE300B78994 /* AppDelegate.swift */; };
		9A8AB394244AEEE300B78994 /* ViewController.swift in Sources */ = {isa = PBXBuildFile; fileRef = 9A8AB393244AEEE300B78994 /* ViewController.swift */; };
		9A8AB396244AEEE400B78994 /* Assets.xcassets in Resources */ = {isa = PBXBuildFile; fileRef = 9A8AB395244AEEE400B78994 /* Assets.xcassets */; };
		9A8AB399244AEEE400B78994 /* Main.storyboard in Resources */ = {isa = PBXBuildFile; fileRef = 9A8AB397244AEEE400B78994 /* Main.storyboard */; };
		9A8AB3A5244AEEE400B78994 /* macPrinterPOCTests.swift in Sources */ = {isa = PBXBuildFile; fileRef = 9A8AB3A4244AEEE400B78994 /* macPrinterPOCTests.swift */; };
		9A8AB3B0244AEFE600B78994 /* PdfFilePrinter.swift in Sources */ = {isa = PBXBuildFile; fileRef = 9A8AB3AF244AEFE600B78994 /* PdfFilePrinter.swift */; };
		9A8AB3B2244AF1B600B78994 /* FilePrintControllerTests.swift in Sources */ = {isa = PBXBuildFile; fileRef = 9A8AB3B1244AF1B600B78994 /* FilePrintControllerTests.swift */; };
		C4062D7524693160009AB8DA /* PrinterObject+CoreDataClass.swift in Sources */ = {isa = PBXBuildFile; fileRef = C4062D7324693160009AB8DA /* PrinterObject+CoreDataClass.swift */; };
		C4062D7624693160009AB8DA /* PrinterObject+CoreDataProperties.swift in Sources */ = {isa = PBXBuildFile; fileRef = C4062D7424693160009AB8DA /* PrinterObject+CoreDataProperties.swift */; };
		C42C27682467FF8A00F1F67F /* PrinterListData.xcdatamodeld in Sources */ = {isa = PBXBuildFile; fileRef = C42C27662467FF8A00F1F67F /* PrinterListData.xcdatamodeld */; };
		C42C276A24685B0400F1F67F /* PMPrinterObj.swift in Sources */ = {isa = PBXBuildFile; fileRef = C42C276924685B0400F1F67F /* PMPrinterObj.swift */; };
		C4328A312466B29E000584D9 /* PreferencesViewController.swift in Sources */ = {isa = PBXBuildFile; fileRef = C4328A2F2466B29E000584D9 /* PreferencesViewController.swift */; };
		C43D9A6624655B4C008402DC /* CoreDataManager.swift in Sources */ = {isa = PBXBuildFile; fileRef = C43D9A6524655B4C008402DC /* CoreDataManager.swift */; };
		C43D9A722465721F008402DC /* SeagueBetweenEmbedded.swift in Sources */ = {isa = PBXBuildFile; fileRef = C43D9A692465721F008402DC /* SeagueBetweenEmbedded.swift */; };
		C43D9A732465721F008402DC /* BackForwardViewController.swift in Sources */ = {isa = PBXBuildFile; fileRef = C43D9A6A2465721F008402DC /* BackForwardViewController.swift */; };
		C43D9A742465721F008402DC /* ContentManagerViewControllerHolder.swift in Sources */ = {isa = PBXBuildFile; fileRef = C43D9A6B2465721F008402DC /* ContentManagerViewControllerHolder.swift */; };
		C43D9A752465721F008402DC /* ContentManagerViewController.swift in Sources */ = {isa = PBXBuildFile; fileRef = C43D9A6C2465721F008402DC /* ContentManagerViewController.swift */; };
		C43D9A762465721F008402DC /* SeagueAnimator.swift in Sources */ = {isa = PBXBuildFile; fileRef = C43D9A6D2465721F008402DC /* SeagueAnimator.swift */; };
		C43D9A772465721F008402DC /* NSWindowController+Utilities.swift in Sources */ = {isa = PBXBuildFile; fileRef = C43D9A6E2465721F008402DC /* NSWindowController+Utilities.swift */; };
		C43D9A782465721F008402DC /* NSAlert+Utilities.swift in Sources */ = {isa = PBXBuildFile; fileRef = C43D9A6F2465721F008402DC /* NSAlert+Utilities.swift */; };
		C43D9A792465721F008402DC /* NSStoryboard+Utilities.swift in Sources */ = {isa = PBXBuildFile; fileRef = C43D9A702465721F008402DC /* NSStoryboard+Utilities.swift */; };
		C43D9A7A2465721F008402DC /* NSViewController+Utilities.swift in Sources */ = {isa = PBXBuildFile; fileRef = C43D9A712465721F008402DC /* NSViewController+Utilities.swift */; };
		C43D9A7E24657C82008402DC /* AddPrinterController.swift in Sources */ = {isa = PBXBuildFile; fileRef = C43D9A7D24657C82008402DC /* AddPrinterController.swift */; };
		C43D9A8024657CA3008402DC /* AddPrinterController.storyboard in Resources */ = {isa = PBXBuildFile; fileRef = C43D9A7F24657CA3008402DC /* AddPrinterController.storyboard */; };
		C47488C12465CB770001FFB6 /* PreferencesWindowController.storyboard in Resources */ = {isa = PBXBuildFile; fileRef = C47488C02465CB770001FFB6 /* PreferencesWindowController.storyboard */; };
		C4A03E152469B71500B951D2 /* PrinterTypeSource.swift in Sources */ = {isa = PBXBuildFile; fileRef = C4A03E142469B71500B951D2 /* PrinterTypeSource.swift */; };
		C4A8BA252467F57300D2D4FA /* PMPrinterDataSource.swift in Sources */ = {isa = PBXBuildFile; fileRef = C4A8BA242467F57300D2D4FA /* PMPrinterDataSource.swift */; };
		C4B43EB12464668800533696 /* PreferencesWindowController.swift in Sources */ = {isa = PBXBuildFile; fileRef = C4B43EAF2464668800533696 /* PreferencesWindowController.swift */; };
/* End PBXBuildFile section */

/* Begin PBXContainerItemProxy section */
		9A8AB3A1244AEEE400B78994 /* PBXContainerItemProxy */ = {
			isa = PBXContainerItemProxy;
			containerPortal = 9A8AB386244AEEE300B78994 /* Project object */;
			proxyType = 1;
			remoteGlobalIDString = 9A8AB38D244AEEE300B78994;
			remoteInfo = macPrinterPOC;
		};
/* End PBXContainerItemProxy section */

/* Begin PBXFileReference section */
		9A2A46E9244B529900B18C92 /* RequirementDetails.rtf */ = {isa = PBXFileReference; lastKnownFileType = text.rtf; path = RequirementDetails.rtf; sourceTree = "<group>"; };
		9A472373244C7C7700F0698B /* CanonSettings.swift */ = {isa = PBXFileReference; lastKnownFileType = sourcecode.swift; path = CanonSettings.swift; sourceTree = "<group>"; };
		9A472375244C7F8900F0698B /* PrinterUtilies.swift */ = {isa = PBXFileReference; lastKnownFileType = sourcecode.swift; path = PrinterUtilies.swift; sourceTree = "<group>"; };
		9A6EA95B244CA9E900CB2417 /* CanonSettingsConfigurator.swift */ = {isa = PBXFileReference; lastKnownFileType = sourcecode.swift; path = CanonSettingsConfigurator.swift; sourceTree = "<group>"; };
		9A6EA95D244CAEB600CB2417 /* NSPrintInfoCustomized.swift */ = {isa = PBXFileReference; lastKnownFileType = sourcecode.swift; path = NSPrintInfoCustomized.swift; sourceTree = "<group>"; };
		9A6EA95F244CB14300CB2417 /* PrinterSettingsConstants.swift */ = {isa = PBXFileReference; lastKnownFileType = sourcecode.swift; path = PrinterSettingsConstants.swift; sourceTree = "<group>"; };
		9A8AB38E244AEEE300B78994 /* macPrinterPOC.app */ = {isa = PBXFileReference; explicitFileType = wrapper.application; includeInIndex = 0; path = macPrinterPOC.app; sourceTree = BUILT_PRODUCTS_DIR; };
		9A8AB391244AEEE300B78994 /* AppDelegate.swift */ = {isa = PBXFileReference; lastKnownFileType = sourcecode.swift; path = AppDelegate.swift; sourceTree = "<group>"; };
		9A8AB393244AEEE300B78994 /* ViewController.swift */ = {isa = PBXFileReference; lastKnownFileType = sourcecode.swift; path = ViewController.swift; sourceTree = "<group>"; };
		9A8AB395244AEEE400B78994 /* Assets.xcassets */ = {isa = PBXFileReference; lastKnownFileType = folder.assetcatalog; path = Assets.xcassets; sourceTree = "<group>"; };
		9A8AB398244AEEE400B78994 /* Base */ = {isa = PBXFileReference; lastKnownFileType = file.storyboard; name = Base; path = Base.lproj/Main.storyboard; sourceTree = "<group>"; };
		9A8AB39A244AEEE400B78994 /* Info.plist */ = {isa = PBXFileReference; lastKnownFileType = text.plist.xml; path = Info.plist; sourceTree = "<group>"; };
		9A8AB39B244AEEE400B78994 /* macPrinterPOC.entitlements */ = {isa = PBXFileReference; lastKnownFileType = text.plist.entitlements; path = macPrinterPOC.entitlements; sourceTree = "<group>"; };
		9A8AB3A0244AEEE400B78994 /* macPrinterPOCTests.xctest */ = {isa = PBXFileReference; explicitFileType = wrapper.cfbundle; includeInIndex = 0; path = macPrinterPOCTests.xctest; sourceTree = BUILT_PRODUCTS_DIR; };
		9A8AB3A4244AEEE400B78994 /* macPrinterPOCTests.swift */ = {isa = PBXFileReference; lastKnownFileType = sourcecode.swift; path = macPrinterPOCTests.swift; sourceTree = "<group>"; };
		9A8AB3A6244AEEE400B78994 /* Info.plist */ = {isa = PBXFileReference; lastKnownFileType = text.plist.xml; path = Info.plist; sourceTree = "<group>"; };
		9A8AB3AF244AEFE600B78994 /* PdfFilePrinter.swift */ = {isa = PBXFileReference; lastKnownFileType = sourcecode.swift; path = PdfFilePrinter.swift; sourceTree = "<group>"; };
		9A8AB3B1244AF1B600B78994 /* FilePrintControllerTests.swift */ = {isa = PBXFileReference; lastKnownFileType = sourcecode.swift; path = FilePrintControllerTests.swift; sourceTree = "<group>"; };
		C4062D7324693160009AB8DA /* PrinterObject+CoreDataClass.swift */ = {isa = PBXFileReference; lastKnownFileType = sourcecode.swift; path = "PrinterObject+CoreDataClass.swift"; sourceTree = "<group>"; };
		C4062D7424693160009AB8DA /* PrinterObject+CoreDataProperties.swift */ = {isa = PBXFileReference; lastKnownFileType = sourcecode.swift; path = "PrinterObject+CoreDataProperties.swift"; sourceTree = "<group>"; };
		C42C27672467FF8A00F1F67F /* PrinterListData.xcdatamodel */ = {isa = PBXFileReference; lastKnownFileType = wrapper.xcdatamodel; path = PrinterListData.xcdatamodel; sourceTree = "<group>"; };
		C42C276924685B0400F1F67F /* PMPrinterObj.swift */ = {isa = PBXFileReference; lastKnownFileType = sourcecode.swift; path = PMPrinterObj.swift; sourceTree = "<group>"; };
		C4328A2F2466B29E000584D9 /* PreferencesViewController.swift */ = {isa = PBXFileReference; lastKnownFileType = sourcecode.swift; path = PreferencesViewController.swift; sourceTree = "<group>"; };
		C43D9A6524655B4C008402DC /* CoreDataManager.swift */ = {isa = PBXFileReference; lastKnownFileType = sourcecode.swift; path = CoreDataManager.swift; sourceTree = "<group>"; };
		C43D9A692465721F008402DC /* SeagueBetweenEmbedded.swift */ = {isa = PBXFileReference; fileEncoding = 4; lastKnownFileType = sourcecode.swift; path = SeagueBetweenEmbedded.swift; sourceTree = "<group>"; };
		C43D9A6A2465721F008402DC /* BackForwardViewController.swift */ = {isa = PBXFileReference; fileEncoding = 4; lastKnownFileType = sourcecode.swift; path = BackForwardViewController.swift; sourceTree = "<group>"; };
		C43D9A6B2465721F008402DC /* ContentManagerViewControllerHolder.swift */ = {isa = PBXFileReference; fileEncoding = 4; lastKnownFileType = sourcecode.swift; path = ContentManagerViewControllerHolder.swift; sourceTree = "<group>"; };
		C43D9A6C2465721F008402DC /* ContentManagerViewController.swift */ = {isa = PBXFileReference; fileEncoding = 4; lastKnownFileType = sourcecode.swift; path = ContentManagerViewController.swift; sourceTree = "<group>"; };
		C43D9A6D2465721F008402DC /* SeagueAnimator.swift */ = {isa = PBXFileReference; fileEncoding = 4; lastKnownFileType = sourcecode.swift; path = SeagueAnimator.swift; sourceTree = "<group>"; };
		C43D9A6E2465721F008402DC /* NSWindowController+Utilities.swift */ = {isa = PBXFileReference; fileEncoding = 4; lastKnownFileType = sourcecode.swift; path = "NSWindowController+Utilities.swift"; sourceTree = "<group>"; };
		C43D9A6F2465721F008402DC /* NSAlert+Utilities.swift */ = {isa = PBXFileReference; fileEncoding = 4; lastKnownFileType = sourcecode.swift; path = "NSAlert+Utilities.swift"; sourceTree = "<group>"; };
		C43D9A702465721F008402DC /* NSStoryboard+Utilities.swift */ = {isa = PBXFileReference; fileEncoding = 4; lastKnownFileType = sourcecode.swift; path = "NSStoryboard+Utilities.swift"; sourceTree = "<group>"; };
		C43D9A712465721F008402DC /* NSViewController+Utilities.swift */ = {isa = PBXFileReference; fileEncoding = 4; lastKnownFileType = sourcecode.swift; path = "NSViewController+Utilities.swift"; sourceTree = "<group>"; };
		C43D9A7D24657C82008402DC /* AddPrinterController.swift */ = {isa = PBXFileReference; lastKnownFileType = sourcecode.swift; path = AddPrinterController.swift; sourceTree = "<group>"; };
		C43D9A7F24657CA3008402DC /* AddPrinterController.storyboard */ = {isa = PBXFileReference; lastKnownFileType = file.storyboard; path = AddPrinterController.storyboard; sourceTree = "<group>"; };
		C47488C02465CB770001FFB6 /* PreferencesWindowController.storyboard */ = {isa = PBXFileReference; lastKnownFileType = file.storyboard; path = PreferencesWindowController.storyboard; sourceTree = "<group>"; };
		C4A03E142469B71500B951D2 /* PrinterTypeSource.swift */ = {isa = PBXFileReference; lastKnownFileType = sourcecode.swift; path = PrinterTypeSource.swift; sourceTree = "<group>"; };
		C4A8BA242467F57300D2D4FA /* PMPrinterDataSource.swift */ = {isa = PBXFileReference; lastKnownFileType = sourcecode.swift; path = PMPrinterDataSource.swift; sourceTree = "<group>"; };
		C4B43EAF2464668800533696 /* PreferencesWindowController.swift */ = {isa = PBXFileReference; lastKnownFileType = sourcecode.swift; path = PreferencesWindowController.swift; sourceTree = "<group>"; };
/* End PBXFileReference section */

/* Begin PBXFrameworksBuildPhase section */
		9A8AB38B244AEEE300B78994 /* Frameworks */ = {
			isa = PBXFrameworksBuildPhase;
			buildActionMask = 2147483647;
			files = (
			);
			runOnlyForDeploymentPostprocessing = 0;
		};
		9A8AB39D244AEEE400B78994 /* Frameworks */ = {
			isa = PBXFrameworksBuildPhase;
			buildActionMask = 2147483647;
			files = (
			);
			runOnlyForDeploymentPostprocessing = 0;
		};
/* End PBXFrameworksBuildPhase section */

/* Begin PBXGroup section */
		9A8AB385244AEEE300B78994 = {
			isa = PBXGroup;
			children = (
				9A8AB390244AEEE300B78994 /* macPrinterPOC */,
				9A8AB3A3244AEEE400B78994 /* macPrinterPOCTests */,
				9A8AB38F244AEEE300B78994 /* Products */,
			);
			sourceTree = "<group>";
		};
		9A8AB38F244AEEE300B78994 /* Products */ = {
			isa = PBXGroup;
			children = (
				9A8AB38E244AEEE300B78994 /* macPrinterPOC.app */,
				9A8AB3A0244AEEE400B78994 /* macPrinterPOCTests.xctest */,
			);
			name = Products;
			sourceTree = "<group>";
		};
		9A8AB390244AEEE300B78994 /* macPrinterPOC */ = {
			isa = PBXGroup;
			children = (
				C4A03E132469B6FF00B951D2 /* PrinterTypeSource */,
				C4A8BA232467F4BD00D2D4FA /* PMPrinterDataSource */,
				C43D9A682465721F008402DC /* Categories and Utilities */,
				C43D9A26246549BC008402DC /* CoreData */,
				C4B43EAA2464200400533696 /* Preferences */,
				9A8AB391244AEEE300B78994 /* AppDelegate.swift */,
				9A8AB393244AEEE300B78994 /* ViewController.swift */,
				9A8AB3AF244AEFE600B78994 /* PdfFilePrinter.swift */,
				9A472373244C7C7700F0698B /* CanonSettings.swift */,
				9A6EA95F244CB14300CB2417 /* PrinterSettingsConstants.swift */,
				9A472375244C7F8900F0698B /* PrinterUtilies.swift */,
				9A6EA95B244CA9E900CB2417 /* CanonSettingsConfigurator.swift */,
				9A6EA95D244CAEB600CB2417 /* NSPrintInfoCustomized.swift */,
				9A8AB395244AEEE400B78994 /* Assets.xcassets */,
				9A8AB397244AEEE400B78994 /* Main.storyboard */,
				9A8AB39A244AEEE400B78994 /* Info.plist */,
				9A8AB39B244AEEE400B78994 /* macPrinterPOC.entitlements */,
			);
			path = macPrinterPOC;
			sourceTree = "<group>";
		};
		9A8AB3A3244AEEE400B78994 /* macPrinterPOCTests */ = {
			isa = PBXGroup;
			children = (
				9A8AB3A4244AEEE400B78994 /* macPrinterPOCTests.swift */,
				9A8AB3B1244AF1B600B78994 /* FilePrintControllerTests.swift */,
				9A8AB3A6244AEEE400B78994 /* Info.plist */,
				9A2A46E9244B529900B18C92 /* RequirementDetails.rtf */,
			);
			path = macPrinterPOCTests;
			sourceTree = "<group>";
		};
		C4328A372466BF9E000584D9 /* Entities */ = {
			isa = PBXGroup;
			children = (
				C4062D7324693160009AB8DA /* PrinterObject+CoreDataClass.swift */,
				C4062D7424693160009AB8DA /* PrinterObject+CoreDataProperties.swift */,
			);
			path = Entities;
			sourceTree = "<group>";
		};
		C43D9A26246549BC008402DC /* CoreData */ = {
			isa = PBXGroup;
			children = (
				C4328A372466BF9E000584D9 /* Entities */,
				C43D9A6524655B4C008402DC /* CoreDataManager.swift */,
				C42C27662467FF8A00F1F67F /* PrinterListData.xcdatamodeld */,
			);
			path = CoreData;
			sourceTree = "<group>";
		};
		C43D9A682465721F008402DC /* Categories and Utilities */ = {
			isa = PBXGroup;
			children = (
				C43D9A692465721F008402DC /* SeagueBetweenEmbedded.swift */,
				C43D9A6A2465721F008402DC /* BackForwardViewController.swift */,
				C43D9A6B2465721F008402DC /* ContentManagerViewControllerHolder.swift */,
				C43D9A6C2465721F008402DC /* ContentManagerViewController.swift */,
				C43D9A6D2465721F008402DC /* SeagueAnimator.swift */,
				C43D9A6E2465721F008402DC /* NSWindowController+Utilities.swift */,
				C43D9A6F2465721F008402DC /* NSAlert+Utilities.swift */,
				C43D9A702465721F008402DC /* NSStoryboard+Utilities.swift */,
				C43D9A712465721F008402DC /* NSViewController+Utilities.swift */,
			);
			path = "Categories and Utilities";
			sourceTree = "<group>";
		};
		C4A03E132469B6FF00B951D2 /* PrinterTypeSource */ = {
			isa = PBXGroup;
			children = (
				C4A03E142469B71500B951D2 /* PrinterTypeSource.swift */,
			);
			path = PrinterTypeSource;
			sourceTree = "<group>";
		};
		C4A8BA232467F4BD00D2D4FA /* PMPrinterDataSource */ = {
			isa = PBXGroup;
			children = (
				C4A8BA242467F57300D2D4FA /* PMPrinterDataSource.swift */,
				C42C276924685B0400F1F67F /* PMPrinterObj.swift */,
			);
			path = PMPrinterDataSource;
			sourceTree = "<group>";
		};
		C4B43EAA2464200400533696 /* Preferences */ = {
			isa = PBXGroup;
			children = (
				C4B43EAF2464668800533696 /* PreferencesWindowController.swift */,
				C4328A2F2466B29E000584D9 /* PreferencesViewController.swift */,
				C47488C02465CB770001FFB6 /* PreferencesWindowController.storyboard */,
				C43D9A7D24657C82008402DC /* AddPrinterController.swift */,
				C43D9A7F24657CA3008402DC /* AddPrinterController.storyboard */,
			);
			path = Preferences;
			sourceTree = "<group>";
		};
/* End PBXGroup section */

/* Begin PBXNativeTarget section */
		9A8AB38D244AEEE300B78994 /* macPrinterPOC */ = {
			isa = PBXNativeTarget;
			buildConfigurationList = 9A8AB3A9244AEEE400B78994 /* Build configuration list for PBXNativeTarget "macPrinterPOC" */;
			buildPhases = (
				9A8AB38A244AEEE300B78994 /* Sources */,
				9A8AB38B244AEEE300B78994 /* Frameworks */,
				9A8AB38C244AEEE300B78994 /* Resources */,
			);
			buildRules = (
			);
			dependencies = (
			);
			name = macPrinterPOC;
			productName = macPrinterPOC;
			productReference = 9A8AB38E244AEEE300B78994 /* macPrinterPOC.app */;
			productType = "com.apple.product-type.application";
		};
		9A8AB39F244AEEE400B78994 /* macPrinterPOCTests */ = {
			isa = PBXNativeTarget;
			buildConfigurationList = 9A8AB3AC244AEEE400B78994 /* Build configuration list for PBXNativeTarget "macPrinterPOCTests" */;
			buildPhases = (
				9A8AB39C244AEEE400B78994 /* Sources */,
				9A8AB39D244AEEE400B78994 /* Frameworks */,
				9A8AB39E244AEEE400B78994 /* Resources */,
			);
			buildRules = (
			);
			dependencies = (
				9A8AB3A2244AEEE400B78994 /* PBXTargetDependency */,
			);
			name = macPrinterPOCTests;
			productName = macPrinterPOCTests;
			productReference = 9A8AB3A0244AEEE400B78994 /* macPrinterPOCTests.xctest */;
			productType = "com.apple.product-type.bundle.unit-test";
		};
/* End PBXNativeTarget section */

/* Begin PBXProject section */
		9A8AB386244AEEE300B78994 /* Project object */ = {
			isa = PBXProject;
			attributes = {
				LastSwiftUpdateCheck = 1130;
				LastUpgradeCheck = 1130;
				ORGANIZATIONNAME = "CoreBits Software Solutions Pvt Ltd";
				TargetAttributes = {
					9A8AB38D244AEEE300B78994 = {
						CreatedOnToolsVersion = 11.3.1;
					};
					9A8AB39F244AEEE400B78994 = {
						CreatedOnToolsVersion = 11.3.1;
						TestTargetID = 9A8AB38D244AEEE300B78994;
					};
				};
			};
			buildConfigurationList = 9A8AB389244AEEE300B78994 /* Build configuration list for PBXProject "macPrinterPOC" */;
			compatibilityVersion = "Xcode 9.3";
			developmentRegion = en;
			hasScannedForEncodings = 0;
			knownRegions = (
				en,
				Base,
			);
			mainGroup = 9A8AB385244AEEE300B78994;
			productRefGroup = 9A8AB38F244AEEE300B78994 /* Products */;
			projectDirPath = "";
			projectRoot = "";
			targets = (
				9A8AB38D244AEEE300B78994 /* macPrinterPOC */,
				9A8AB39F244AEEE400B78994 /* macPrinterPOCTests */,
			);
		};
/* End PBXProject section */

/* Begin PBXResourcesBuildPhase section */
		9A8AB38C244AEEE300B78994 /* Resources */ = {
			isa = PBXResourcesBuildPhase;
			buildActionMask = 2147483647;
			files = (
				C47488C12465CB770001FFB6 /* PreferencesWindowController.storyboard in Resources */,
				9A8AB396244AEEE400B78994 /* Assets.xcassets in Resources */,
				9A8AB399244AEEE400B78994 /* Main.storyboard in Resources */,
				C43D9A8024657CA3008402DC /* AddPrinterController.storyboard in Resources */,
			);
			runOnlyForDeploymentPostprocessing = 0;
		};
		9A8AB39E244AEEE400B78994 /* Resources */ = {
			isa = PBXResourcesBuildPhase;
			buildActionMask = 2147483647;
			files = (
			);
			runOnlyForDeploymentPostprocessing = 0;
		};
/* End PBXResourcesBuildPhase section */

/* Begin PBXSourcesBuildPhase section */
		9A8AB38A244AEEE300B78994 /* Sources */ = {
			isa = PBXSourcesBuildPhase;
			buildActionMask = 2147483647;
			files = (
				C43D9A7E24657C82008402DC /* AddPrinterController.swift in Sources */,
				C42C276A24685B0400F1F67F /* PMPrinterObj.swift in Sources */,
				9A472376244C7F8900F0698B /* PrinterUtilies.swift in Sources */,
				C4A03E152469B71500B951D2 /* PrinterTypeSource.swift in Sources */,
				9A8AB394244AEEE300B78994 /* ViewController.swift in Sources */,
				C43D9A732465721F008402DC /* BackForwardViewController.swift in Sources */,
				9A8AB3B0244AEFE600B78994 /* PdfFilePrinter.swift in Sources */,
				C43D9A762465721F008402DC /* SeagueAnimator.swift in Sources */,
				C43D9A792465721F008402DC /* NSStoryboard+Utilities.swift in Sources */,
				9A6EA960244CB14300CB2417 /* PrinterSettingsConstants.swift in Sources */,
				C4062D7524693160009AB8DA /* PrinterObject+CoreDataClass.swift in Sources */,
				C42C27682467FF8A00F1F67F /* PrinterListData.xcdatamodeld in Sources */,
				C43D9A7A2465721F008402DC /* NSViewController+Utilities.swift in Sources */,
				C43D9A742465721F008402DC /* ContentManagerViewControllerHolder.swift in Sources */,
				C43D9A772465721F008402DC /* NSWindowController+Utilities.swift in Sources */,
				9A6EA95E244CAEB600CB2417 /* NSPrintInfoCustomized.swift in Sources */,
				9A6EA95C244CA9E900CB2417 /* CanonSettingsConfigurator.swift in Sources */,
				C43D9A752465721F008402DC /* ContentManagerViewController.swift in Sources */,
				C4A8BA252467F57300D2D4FA /* PMPrinterDataSource.swift in Sources */,
				C4B43EB12464668800533696 /* PreferencesWindowController.swift in Sources */,
				C43D9A722465721F008402DC /* SeagueBetweenEmbedded.swift in Sources */,
				9A472374244C7C7700F0698B /* CanonSettings.swift in Sources */,
				9A8AB392244AEEE300B78994 /* AppDelegate.swift in Sources */,
				C43D9A782465721F008402DC /* NSAlert+Utilities.swift in Sources */,
				C4062D7624693160009AB8DA /* PrinterObject+CoreDataProperties.swift in Sources */,
				C43D9A6624655B4C008402DC /* CoreDataManager.swift in Sources */,
				C4328A312466B29E000584D9 /* PreferencesViewController.swift in Sources */,
			);
			runOnlyForDeploymentPostprocessing = 0;
		};
		9A8AB39C244AEEE400B78994 /* Sources */ = {
			isa = PBXSourcesBuildPhase;
			buildActionMask = 2147483647;
			files = (
				9A8AB3A5244AEEE400B78994 /* macPrinterPOCTests.swift in Sources */,
				9A8AB3B2244AF1B600B78994 /* FilePrintControllerTests.swift in Sources */,
			);
			runOnlyForDeploymentPostprocessing = 0;
		};
/* End PBXSourcesBuildPhase section */

/* Begin PBXTargetDependency section */
		9A8AB3A2244AEEE400B78994 /* PBXTargetDependency */ = {
			isa = PBXTargetDependency;
			target = 9A8AB38D244AEEE300B78994 /* macPrinterPOC */;
			targetProxy = 9A8AB3A1244AEEE400B78994 /* PBXContainerItemProxy */;
		};
/* End PBXTargetDependency section */

/* Begin PBXVariantGroup section */
		9A8AB397244AEEE400B78994 /* Main.storyboard */ = {
			isa = PBXVariantGroup;
			children = (
				9A8AB398244AEEE400B78994 /* Base */,
			);
			name = Main.storyboard;
			sourceTree = "<group>";
		};
/* End PBXVariantGroup section */

/* Begin XCBuildConfiguration section */
		9A8AB3A7244AEEE400B78994 /* Debug */ = {
			isa = XCBuildConfiguration;
			buildSettings = {
				ALWAYS_SEARCH_USER_PATHS = NO;
				CLANG_ANALYZER_NONNULL = YES;
				CLANG_ANALYZER_NUMBER_OBJECT_CONVERSION = YES_AGGRESSIVE;
				CLANG_CXX_LANGUAGE_STANDARD = "gnu++14";
				CLANG_CXX_LIBRARY = "libc++";
				CLANG_ENABLE_MODULES = YES;
				CLANG_ENABLE_OBJC_ARC = YES;
				CLANG_ENABLE_OBJC_WEAK = YES;
				CLANG_WARN_BLOCK_CAPTURE_AUTORELEASING = YES;
				CLANG_WARN_BOOL_CONVERSION = YES;
				CLANG_WARN_COMMA = YES;
				CLANG_WARN_CONSTANT_CONVERSION = YES;
				CLANG_WARN_DEPRECATED_OBJC_IMPLEMENTATIONS = YES;
				CLANG_WARN_DIRECT_OBJC_ISA_USAGE = YES_ERROR;
				CLANG_WARN_DOCUMENTATION_COMMENTS = YES;
				CLANG_WARN_EMPTY_BODY = YES;
				CLANG_WARN_ENUM_CONVERSION = YES;
				CLANG_WARN_INFINITE_RECURSION = YES;
				CLANG_WARN_INT_CONVERSION = YES;
				CLANG_WARN_NON_LITERAL_NULL_CONVERSION = YES;
				CLANG_WARN_OBJC_IMPLICIT_RETAIN_SELF = YES;
				CLANG_WARN_OBJC_LITERAL_CONVERSION = YES;
				CLANG_WARN_OBJC_ROOT_CLASS = YES_ERROR;
				CLANG_WARN_RANGE_LOOP_ANALYSIS = YES;
				CLANG_WARN_STRICT_PROTOTYPES = YES;
				CLANG_WARN_SUSPICIOUS_MOVE = YES;
				CLANG_WARN_UNGUARDED_AVAILABILITY = YES_AGGRESSIVE;
				CLANG_WARN_UNREACHABLE_CODE = YES;
				CLANG_WARN__DUPLICATE_METHOD_MATCH = YES;
				COPY_PHASE_STRIP = NO;
				DEBUG_INFORMATION_FORMAT = dwarf;
				ENABLE_STRICT_OBJC_MSGSEND = YES;
				ENABLE_TESTABILITY = YES;
				GCC_C_LANGUAGE_STANDARD = gnu11;
				GCC_DYNAMIC_NO_PIC = NO;
				GCC_NO_COMMON_BLOCKS = YES;
				GCC_OPTIMIZATION_LEVEL = 0;
				GCC_PREPROCESSOR_DEFINITIONS = (
					"DEBUG=1",
					"$(inherited)",
				);
				GCC_WARN_64_TO_32_BIT_CONVERSION = YES;
				GCC_WARN_ABOUT_RETURN_TYPE = YES_ERROR;
				GCC_WARN_UNDECLARED_SELECTOR = YES;
				GCC_WARN_UNINITIALIZED_AUTOS = YES_AGGRESSIVE;
				GCC_WARN_UNUSED_FUNCTION = YES;
				GCC_WARN_UNUSED_VARIABLE = YES;
				MACOSX_DEPLOYMENT_TARGET = 10.14;
				MTL_ENABLE_DEBUG_INFO = INCLUDE_SOURCE;
				MTL_FAST_MATH = YES;
				ONLY_ACTIVE_ARCH = YES;
				SDKROOT = macosx;
				SWIFT_ACTIVE_COMPILATION_CONDITIONS = DEBUG;
				SWIFT_OPTIMIZATION_LEVEL = "-Onone";
			};
			name = Debug;
		};
		9A8AB3A8244AEEE400B78994 /* Release */ = {
			isa = XCBuildConfiguration;
			buildSettings = {
				ALWAYS_SEARCH_USER_PATHS = NO;
				CLANG_ANALYZER_NONNULL = YES;
				CLANG_ANALYZER_NUMBER_OBJECT_CONVERSION = YES_AGGRESSIVE;
				CLANG_CXX_LANGUAGE_STANDARD = "gnu++14";
				CLANG_CXX_LIBRARY = "libc++";
				CLANG_ENABLE_MODULES = YES;
				CLANG_ENABLE_OBJC_ARC = YES;
				CLANG_ENABLE_OBJC_WEAK = YES;
				CLANG_WARN_BLOCK_CAPTURE_AUTORELEASING = YES;
				CLANG_WARN_BOOL_CONVERSION = YES;
				CLANG_WARN_COMMA = YES;
				CLANG_WARN_CONSTANT_CONVERSION = YES;
				CLANG_WARN_DEPRECATED_OBJC_IMPLEMENTATIONS = YES;
				CLANG_WARN_DIRECT_OBJC_ISA_USAGE = YES_ERROR;
				CLANG_WARN_DOCUMENTATION_COMMENTS = YES;
				CLANG_WARN_EMPTY_BODY = YES;
				CLANG_WARN_ENUM_CONVERSION = YES;
				CLANG_WARN_INFINITE_RECURSION = YES;
				CLANG_WARN_INT_CONVERSION = YES;
				CLANG_WARN_NON_LITERAL_NULL_CONVERSION = YES;
				CLANG_WARN_OBJC_IMPLICIT_RETAIN_SELF = YES;
				CLANG_WARN_OBJC_LITERAL_CONVERSION = YES;
				CLANG_WARN_OBJC_ROOT_CLASS = YES_ERROR;
				CLANG_WARN_RANGE_LOOP_ANALYSIS = YES;
				CLANG_WARN_STRICT_PROTOTYPES = YES;
				CLANG_WARN_SUSPICIOUS_MOVE = YES;
				CLANG_WARN_UNGUARDED_AVAILABILITY = YES_AGGRESSIVE;
				CLANG_WARN_UNREACHABLE_CODE = YES;
				CLANG_WARN__DUPLICATE_METHOD_MATCH = YES;
				COPY_PHASE_STRIP = NO;
				DEBUG_INFORMATION_FORMAT = "dwarf-with-dsym";
				ENABLE_NS_ASSERTIONS = NO;
				ENABLE_STRICT_OBJC_MSGSEND = YES;
				GCC_C_LANGUAGE_STANDARD = gnu11;
				GCC_NO_COMMON_BLOCKS = YES;
				GCC_WARN_64_TO_32_BIT_CONVERSION = YES;
				GCC_WARN_ABOUT_RETURN_TYPE = YES_ERROR;
				GCC_WARN_UNDECLARED_SELECTOR = YES;
				GCC_WARN_UNINITIALIZED_AUTOS = YES_AGGRESSIVE;
				GCC_WARN_UNUSED_FUNCTION = YES;
				GCC_WARN_UNUSED_VARIABLE = YES;
				MACOSX_DEPLOYMENT_TARGET = 10.14;
				MTL_ENABLE_DEBUG_INFO = NO;
				MTL_FAST_MATH = YES;
				SDKROOT = macosx;
				SWIFT_COMPILATION_MODE = wholemodule;
				SWIFT_OPTIMIZATION_LEVEL = "-O";
			};
			name = Release;
		};
		9A8AB3AA244AEEE400B78994 /* Debug */ = {
			isa = XCBuildConfiguration;
			buildSettings = {
				ASSETCATALOG_COMPILER_APPICON_NAME = AppIcon;
				CODE_SIGN_ENTITLEMENTS = macPrinterPOC/macPrinterPOC.entitlements;
				CODE_SIGN_STYLE = Manual;
				COMBINE_HIDPI_IMAGES = YES;
				DEVELOPMENT_TEAM = "";
				ENABLE_HARDENED_RUNTIME = YES;
				INFOPLIST_FILE = macPrinterPOC/Info.plist;
				LD_RUNPATH_SEARCH_PATHS = (
					"$(inherited)",
					"@executable_path/../Frameworks",
				);
				PRODUCT_BUNDLE_IDENTIFIER = com.corebitss.macPrinterPOC.macPrinterPOC;
				PRODUCT_NAME = "$(TARGET_NAME)";
				PROVISIONING_PROFILE_SPECIFIER = "";
				SWIFT_VERSION = 5.0;
			};
			name = Debug;
		};
		9A8AB3AB244AEEE400B78994 /* Release */ = {
			isa = XCBuildConfiguration;
			buildSettings = {
				ASSETCATALOG_COMPILER_APPICON_NAME = AppIcon;
				CODE_SIGN_ENTITLEMENTS = macPrinterPOC/macPrinterPOC.entitlements;
				CODE_SIGN_STYLE = Manual;
				COMBINE_HIDPI_IMAGES = YES;
				DEVELOPMENT_TEAM = "";
				ENABLE_HARDENED_RUNTIME = YES;
				INFOPLIST_FILE = macPrinterPOC/Info.plist;
				LD_RUNPATH_SEARCH_PATHS = (
					"$(inherited)",
					"@executable_path/../Frameworks",
				);
				PRODUCT_BUNDLE_IDENTIFIER = com.corebitss.macPrinterPOC.macPrinterPOC;
				PRODUCT_NAME = "$(TARGET_NAME)";
				PROVISIONING_PROFILE_SPECIFIER = "";
				SWIFT_VERSION = 5.0;
			};
			name = Release;
		};
		9A8AB3AD244AEEE400B78994 /* Debug */ = {
			isa = XCBuildConfiguration;
			buildSettings = {
				ALWAYS_EMBED_SWIFT_STANDARD_LIBRARIES = YES;
				BUNDLE_LOADER = "$(TEST_HOST)";
				CODE_SIGN_STYLE = Automatic;
				COMBINE_HIDPI_IMAGES = YES;
				DEVELOPMENT_TEAM = X6FQ433AWK;
				INFOPLIST_FILE = macPrinterPOCTests/Info.plist;
				LD_RUNPATH_SEARCH_PATHS = (
					"$(inherited)",
					"@executable_path/../Frameworks",
					"@loader_path/../Frameworks",
				);
				MACOSX_DEPLOYMENT_TARGET = 10.14;
				PRODUCT_BUNDLE_IDENTIFIER = com.corebitss.macPrinterPOC.macPrinterPOCTests;
				PRODUCT_NAME = "$(TARGET_NAME)";
				SWIFT_VERSION = 5.0;
				TEST_HOST = "$(BUILT_PRODUCTS_DIR)/macPrinterPOC.app/Contents/MacOS/macPrinterPOC";
			};
			name = Debug;
		};
		9A8AB3AE244AEEE400B78994 /* Release */ = {
			isa = XCBuildConfiguration;
			buildSettings = {
				ALWAYS_EMBED_SWIFT_STANDARD_LIBRARIES = YES;
				BUNDLE_LOADER = "$(TEST_HOST)";
				CODE_SIGN_STYLE = Automatic;
				COMBINE_HIDPI_IMAGES = YES;
				DEVELOPMENT_TEAM = X6FQ433AWK;
				INFOPLIST_FILE = macPrinterPOCTests/Info.plist;
				LD_RUNPATH_SEARCH_PATHS = (
					"$(inherited)",
					"@executable_path/../Frameworks",
					"@loader_path/../Frameworks",
				);
				MACOSX_DEPLOYMENT_TARGET = 10.14;
				PRODUCT_BUNDLE_IDENTIFIER = com.corebitss.macPrinterPOC.macPrinterPOCTests;
				PRODUCT_NAME = "$(TARGET_NAME)";
				SWIFT_VERSION = 5.0;
				TEST_HOST = "$(BUILT_PRODUCTS_DIR)/macPrinterPOC.app/Contents/MacOS/macPrinterPOC";
			};
			name = Release;
		};
/* End XCBuildConfiguration section */

/* Begin XCConfigurationList section */
		9A8AB389244AEEE300B78994 /* Build configuration list for PBXProject "macPrinterPOC" */ = {
			isa = XCConfigurationList;
			buildConfigurations = (
				9A8AB3A7244AEEE400B78994 /* Debug */,
				9A8AB3A8244AEEE400B78994 /* Release */,
			);
			defaultConfigurationIsVisible = 0;
			defaultConfigurationName = Release;
		};
		9A8AB3A9244AEEE400B78994 /* Build configuration list for PBXNativeTarget "macPrinterPOC" */ = {
			isa = XCConfigurationList;
			buildConfigurations = (
				9A8AB3AA244AEEE400B78994 /* Debug */,
				9A8AB3AB244AEEE400B78994 /* Release */,
			);
			defaultConfigurationIsVisible = 0;
			defaultConfigurationName = Release;
		};
		9A8AB3AC244AEEE400B78994 /* Build configuration list for PBXNativeTarget "macPrinterPOCTests" */ = {
			isa = XCConfigurationList;
			buildConfigurations = (
				9A8AB3AD244AEEE400B78994 /* Debug */,
				9A8AB3AE244AEEE400B78994 /* Release */,
			);
			defaultConfigurationIsVisible = 0;
			defaultConfigurationName = Release;
		};
/* End XCConfigurationList section */

/* Begin XCVersionGroup section */
		C42C27662467FF8A00F1F67F /* PrinterListData.xcdatamodeld */ = {
			isa = XCVersionGroup;
			children = (
				C42C27672467FF8A00F1F67F /* PrinterListData.xcdatamodel */,
			);
			currentVersion = C42C27672467FF8A00F1F67F /* PrinterListData.xcdatamodel */;
			path = PrinterListData.xcdatamodeld;
			sourceTree = "<group>";
			versionGroupType = wrapper.xcdatamodel;
		};
/* End XCVersionGroup section */
	};
	rootObject = 9A8AB386244AEEE300B78994 /* Project object */;
}
